// !$*UTF8*$!
{
	archiveVersion = 1;
	classes = {
	};
	objectVersion = 50;
	objects = {

/* Begin PBXBuildFile section */
		04278C7D236D20B200DC4958 /* TabBar.swift in Sources */ = {isa = PBXBuildFile; fileRef = 04278C7C236D20B200DC4958 /* TabBar.swift */; };
		04278C7F236D3FEC00DC4958 /* Settings.swift in Sources */ = {isa = PBXBuildFile; fileRef = 04278C7E236D3FEC00DC4958 /* Settings.swift */; };
		04278C81236D4B4600DC4958 /* CertificateRow.swift in Sources */ = {isa = PBXBuildFile; fileRef = 04278C80236D4B4600DC4958 /* CertificateRow.swift */; };
		043DA62A236C618D00B6840A /* UpdateStore.swift in Sources */ = {isa = PBXBuildFile; fileRef = 043DA629236C618D00B6840A /* UpdateStore.swift */; };
		044F4771236588E100F4D8E0 /* AppDelegate.swift in Sources */ = {isa = PBXBuildFile; fileRef = 044F4770236588E100F4D8E0 /* AppDelegate.swift */; };
		044F4773236588E100F4D8E0 /* SceneDelegate.swift in Sources */ = {isa = PBXBuildFile; fileRef = 044F4772236588E100F4D8E0 /* SceneDelegate.swift */; };
		044F4775236588E100F4D8E0 /* ContentView.swift in Sources */ = {isa = PBXBuildFile; fileRef = 044F4774236588E100F4D8E0 /* ContentView.swift */; };
		044F4777236588E700F4D8E0 /* Assets.xcassets in Resources */ = {isa = PBXBuildFile; fileRef = 044F4776236588E700F4D8E0 /* Assets.xcassets */; };
		044F477A236588E700F4D8E0 /* Preview Assets.xcassets in Resources */ = {isa = PBXBuildFile; fileRef = 044F4779236588E700F4D8E0 /* Preview Assets.xcassets */; };
		044F477D236588E700F4D8E0 /* LaunchScreen.storyboard in Resources */ = {isa = PBXBuildFile; fileRef = 044F477B236588E700F4D8E0 /* LaunchScreen.storyboard */; };
		044F4788236588E700F4D8E0 /* DesignCodeTests.swift in Sources */ = {isa = PBXBuildFile; fileRef = 044F4787236588E700F4D8E0 /* DesignCodeTests.swift */; };
		044F4793236588E700F4D8E0 /* DesignCodeUITests.swift in Sources */ = {isa = PBXBuildFile; fileRef = 044F4792236588E700F4D8E0 /* DesignCodeUITests.swift */; };
		0498DF0E2365C49000B16476 /* Home.swift in Sources */ = {isa = PBXBuildFile; fileRef = 0498DF0D2365C49000B16476 /* Home.swift */; };
		0498DF1023670C3D00B16476 /* HomeList.swift in Sources */ = {isa = PBXBuildFile; fileRef = 0498DF0F23670C3D00B16476 /* HomeList.swift */; };
		0498DF122368589F00B16476 /* BlurView.swift in Sources */ = {isa = PBXBuildFile; fileRef = 0498DF112368589F00B16476 /* BlurView.swift */; };
		0498DF16236863D600B16476 /* UpdateList.swift in Sources */ = {isa = PBXBuildFile; fileRef = 0498DF15236863D600B16476 /* UpdateList.swift */; };
		0498DF1823686C9400B16476 /* UpdateDetail.swift in Sources */ = {isa = PBXBuildFile; fileRef = 0498DF1723686C9400B16476 /* UpdateDetail.swift */; };
/* End PBXBuildFile section */

/* Begin PBXContainerItemProxy section */
		044F4784236588E700F4D8E0 /* PBXContainerItemProxy */ = {
			isa = PBXContainerItemProxy;
			containerPortal = 044F4765236588E100F4D8E0 /* Project object */;
			proxyType = 1;
			remoteGlobalIDString = 044F476C236588E100F4D8E0;
			remoteInfo = DesignCode;
		};
		044F478F236588E700F4D8E0 /* PBXContainerItemProxy */ = {
			isa = PBXContainerItemProxy;
			containerPortal = 044F4765236588E100F4D8E0 /* Project object */;
			proxyType = 1;
			remoteGlobalIDString = 044F476C236588E100F4D8E0;
			remoteInfo = DesignCode;
		};
/* End PBXContainerItemProxy section */

/* Begin PBXFileReference section */
		04278C7C236D20B200DC4958 /* TabBar.swift */ = {isa = PBXFileReference; lastKnownFileType = sourcecode.swift; path = TabBar.swift; sourceTree = "<group>"; };
		04278C7E236D3FEC00DC4958 /* Settings.swift */ = {isa = PBXFileReference; lastKnownFileType = sourcecode.swift; path = Settings.swift; sourceTree = "<group>"; };
		04278C80236D4B4600DC4958 /* CertificateRow.swift */ = {isa = PBXFileReference; lastKnownFileType = sourcecode.swift; path = CertificateRow.swift; sourceTree = "<group>"; };
		043DA629236C618D00B6840A /* UpdateStore.swift */ = {isa = PBXFileReference; lastKnownFileType = sourcecode.swift; path = UpdateStore.swift; sourceTree = "<group>"; };
		044F476D236588E100F4D8E0 /* DesignCode.app */ = {isa = PBXFileReference; explicitFileType = wrapper.application; includeInIndex = 0; path = DesignCode.app; sourceTree = BUILT_PRODUCTS_DIR; };
		044F4770236588E100F4D8E0 /* AppDelegate.swift */ = {isa = PBXFileReference; lastKnownFileType = sourcecode.swift; path = AppDelegate.swift; sourceTree = "<group>"; };
		044F4772236588E100F4D8E0 /* SceneDelegate.swift */ = {isa = PBXFileReference; lastKnownFileType = sourcecode.swift; path = SceneDelegate.swift; sourceTree = "<group>"; };
		044F4774236588E100F4D8E0 /* ContentView.swift */ = {isa = PBXFileReference; lastKnownFileType = sourcecode.swift; path = ContentView.swift; sourceTree = "<group>"; };
		044F4776236588E700F4D8E0 /* Assets.xcassets */ = {isa = PBXFileReference; lastKnownFileType = folder.assetcatalog; path = Assets.xcassets; sourceTree = "<group>"; };
		044F4779236588E700F4D8E0 /* Preview Assets.xcassets */ = {isa = PBXFileReference; lastKnownFileType = folder.assetcatalog; path = "Preview Assets.xcassets"; sourceTree = "<group>"; };
		044F477C236588E700F4D8E0 /* Base */ = {isa = PBXFileReference; lastKnownFileType = file.storyboard; name = Base; path = Base.lproj/LaunchScreen.storyboard; sourceTree = "<group>"; };
		044F477E236588E700F4D8E0 /* Info.plist */ = {isa = PBXFileReference; lastKnownFileType = text.plist.xml; path = Info.plist; sourceTree = "<group>"; };
		044F4783236588E700F4D8E0 /* DesignCodeTests.xctest */ = {isa = PBXFileReference; explicitFileType = wrapper.cfbundle; includeInIndex = 0; path = DesignCodeTests.xctest; sourceTree = BUILT_PRODUCTS_DIR; };
		044F4787236588E700F4D8E0 /* DesignCodeTests.swift */ = {isa = PBXFileReference; lastKnownFileType = sourcecode.swift; path = DesignCodeTests.swift; sourceTree = "<group>"; };
		044F4789236588E700F4D8E0 /* Info.plist */ = {isa = PBXFileReference; lastKnownFileType = text.plist.xml; path = Info.plist; sourceTree = "<group>"; };
		044F478E236588E700F4D8E0 /* DesignCodeUITests.xctest */ = {isa = PBXFileReference; explicitFileType = wrapper.cfbundle; includeInIndex = 0; path = DesignCodeUITests.xctest; sourceTree = BUILT_PRODUCTS_DIR; };
		044F4792236588E700F4D8E0 /* DesignCodeUITests.swift */ = {isa = PBXFileReference; lastKnownFileType = sourcecode.swift; path = DesignCodeUITests.swift; sourceTree = "<group>"; };
		044F4794236588E700F4D8E0 /* Info.plist */ = {isa = PBXFileReference; lastKnownFileType = text.plist.xml; path = Info.plist; sourceTree = "<group>"; };
		0498DF0D2365C49000B16476 /* Home.swift */ = {isa = PBXFileReference; lastKnownFileType = sourcecode.swift; path = Home.swift; sourceTree = "<group>"; };
		0498DF0F23670C3D00B16476 /* HomeList.swift */ = {isa = PBXFileReference; lastKnownFileType = sourcecode.swift; path = HomeList.swift; sourceTree = "<group>"; };
		0498DF112368589F00B16476 /* BlurView.swift */ = {isa = PBXFileReference; fileEncoding = 4; lastKnownFileType = sourcecode.swift; path = BlurView.swift; sourceTree = "<group>"; };
		0498DF15236863D600B16476 /* UpdateList.swift */ = {isa = PBXFileReference; lastKnownFileType = sourcecode.swift; path = UpdateList.swift; sourceTree = "<group>"; };
		0498DF1723686C9400B16476 /* UpdateDetail.swift */ = {isa = PBXFileReference; lastKnownFileType = sourcecode.swift; path = UpdateDetail.swift; sourceTree = "<group>"; };
/* End PBXFileReference section */

/* Begin PBXFrameworksBuildPhase section */
		044F476A236588E100F4D8E0 /* Frameworks */ = {
			isa = PBXFrameworksBuildPhase;
			buildActionMask = 2147483647;
			files = (
			);
			runOnlyForDeploymentPostprocessing = 0;
		};
		044F4780236588E700F4D8E0 /* Frameworks */ = {
			isa = PBXFrameworksBuildPhase;
			buildActionMask = 2147483647;
			files = (
			);
			runOnlyForDeploymentPostprocessing = 0;
		};
		044F478B236588E700F4D8E0 /* Frameworks */ = {
			isa = PBXFrameworksBuildPhase;
			buildActionMask = 2147483647;
			files = (
			);
			runOnlyForDeploymentPostprocessing = 0;
		};
/* End PBXFrameworksBuildPhase section */

/* Begin PBXGroup section */
		044F4764236588E100F4D8E0 = {
			isa = PBXGroup;
			children = (
				044F476F236588E100F4D8E0 /* DesignCode */,
				044F4786236588E700F4D8E0 /* DesignCodeTests */,
				044F4791236588E700F4D8E0 /* DesignCodeUITests */,
				044F476E236588E100F4D8E0 /* Products */,
			);
			sourceTree = "<group>";
		};
		044F476E236588E100F4D8E0 /* Products */ = {
			isa = PBXGroup;
			children = (
				044F476D236588E100F4D8E0 /* DesignCode.app */,
				044F4783236588E700F4D8E0 /* DesignCodeTests.xctest */,
				044F478E236588E700F4D8E0 /* DesignCodeUITests.xctest */,
			);
			name = Products;
			sourceTree = "<group>";
		};
		044F476F236588E100F4D8E0 /* DesignCode */ = {
			isa = PBXGroup;
			children = (
				0498DF112368589F00B16476 /* BlurView.swift */,
				044F4770236588E100F4D8E0 /* AppDelegate.swift */,
				044F4772236588E100F4D8E0 /* SceneDelegate.swift */,
				044F4774236588E100F4D8E0 /* ContentView.swift */,
				0498DF0D2365C49000B16476 /* Home.swift */,
				0498DF0F23670C3D00B16476 /* HomeList.swift */,
				044F4776236588E700F4D8E0 /* Assets.xcassets */,
				044F477B236588E700F4D8E0 /* LaunchScreen.storyboard */,
				044F477E236588E700F4D8E0 /* Info.plist */,
				044F4778236588E700F4D8E0 /* Preview Content */,
				0498DF15236863D600B16476 /* UpdateList.swift */,
				0498DF1723686C9400B16476 /* UpdateDetail.swift */,
				043DA629236C618D00B6840A /* UpdateStore.swift */,
				04278C7C236D20B200DC4958 /* TabBar.swift */,
				04278C7E236D3FEC00DC4958 /* Settings.swift */,
				04278C80236D4B4600DC4958 /* CertificateRow.swift */,
			);
			path = DesignCode;
			sourceTree = "<group>";
		};
		044F4778236588E700F4D8E0 /* Preview Content */ = {
			isa = PBXGroup;
			children = (
				044F4779236588E700F4D8E0 /* Preview Assets.xcassets */,
			);
			path = "Preview Content";
			sourceTree = "<group>";
		};
		044F4786236588E700F4D8E0 /* DesignCodeTests */ = {
			isa = PBXGroup;
			children = (
				044F4787236588E700F4D8E0 /* DesignCodeTests.swift */,
				044F4789236588E700F4D8E0 /* Info.plist */,
			);
			path = DesignCodeTests;
			sourceTree = "<group>";
		};
		044F4791236588E700F4D8E0 /* DesignCodeUITests */ = {
			isa = PBXGroup;
			children = (
				044F4792236588E700F4D8E0 /* DesignCodeUITests.swift */,
				044F4794236588E700F4D8E0 /* Info.plist */,
			);
			path = DesignCodeUITests;
			sourceTree = "<group>";
		};
/* End PBXGroup section */

/* Begin PBXNativeTarget section */
		044F476C236588E100F4D8E0 /* DesignCode */ = {
			isa = PBXNativeTarget;
			buildConfigurationList = 044F4797236588E700F4D8E0 /* Build configuration list for PBXNativeTarget "DesignCode" */;
			buildPhases = (
				044F4769236588E100F4D8E0 /* Sources */,
				044F476A236588E100F4D8E0 /* Frameworks */,
				044F476B236588E100F4D8E0 /* Resources */,
			);
			buildRules = (
			);
			dependencies = (
			);
			name = DesignCode;
			productName = DesignCode;
			productReference = 044F476D236588E100F4D8E0 /* DesignCode.app */;
			productType = "com.apple.product-type.application";
		};
		044F4782236588E700F4D8E0 /* DesignCodeTests */ = {
			isa = PBXNativeTarget;
			buildConfigurationList = 044F479A236588E700F4D8E0 /* Build configuration list for PBXNativeTarget "DesignCodeTests" */;
			buildPhases = (
				044F477F236588E700F4D8E0 /* Sources */,
				044F4780236588E700F4D8E0 /* Frameworks */,
				044F4781236588E700F4D8E0 /* Resources */,
			);
			buildRules = (
			);
			dependencies = (
				044F4785236588E700F4D8E0 /* PBXTargetDependency */,
			);
			name = DesignCodeTests;
			productName = DesignCodeTests;
			productReference = 044F4783236588E700F4D8E0 /* DesignCodeTests.xctest */;
			productType = "com.apple.product-type.bundle.unit-test";
		};
		044F478D236588E700F4D8E0 /* DesignCodeUITests */ = {
			isa = PBXNativeTarget;
			buildConfigurationList = 044F479D236588E700F4D8E0 /* Build configuration list for PBXNativeTarget "DesignCodeUITests" */;
			buildPhases = (
				044F478A236588E700F4D8E0 /* Sources */,
				044F478B236588E700F4D8E0 /* Frameworks */,
				044F478C236588E700F4D8E0 /* Resources */,
			);
			buildRules = (
			);
			dependencies = (
				044F4790236588E700F4D8E0 /* PBXTargetDependency */,
			);
			name = DesignCodeUITests;
			productName = DesignCodeUITests;
			productReference = 044F478E236588E700F4D8E0 /* DesignCodeUITests.xctest */;
			productType = "com.apple.product-type.bundle.ui-testing";
		};
/* End PBXNativeTarget section */

/* Begin PBXProject section */
		044F4765236588E100F4D8E0 /* Project object */ = {
			isa = PBXProject;
			attributes = {
				LastSwiftUpdateCheck = 1100;
				LastUpgradeCheck = 1100;
				ORGANIZATIONNAME = AlbatroFE;
				TargetAttributes = {
					044F476C236588E100F4D8E0 = {
						CreatedOnToolsVersion = 11.0;
					};
					044F4782236588E700F4D8E0 = {
						CreatedOnToolsVersion = 11.0;
						TestTargetID = 044F476C236588E100F4D8E0;
					};
					044F478D236588E700F4D8E0 = {
						CreatedOnToolsVersion = 11.0;
						TestTargetID = 044F476C236588E100F4D8E0;
					};
				};
			};
			buildConfigurationList = 044F4768236588E100F4D8E0 /* Build configuration list for PBXProject "DesignCode" */;
			compatibilityVersion = "Xcode 9.3";
			developmentRegion = en;
			hasScannedForEncodings = 0;
			knownRegions = (
				en,
				Base,
			);
			mainGroup = 044F4764236588E100F4D8E0;
			productRefGroup = 044F476E236588E100F4D8E0 /* Products */;
			projectDirPath = "";
			projectRoot = "";
			targets = (
				044F476C236588E100F4D8E0 /* DesignCode */,
				044F4782236588E700F4D8E0 /* DesignCodeTests */,
				044F478D236588E700F4D8E0 /* DesignCodeUITests */,
			);
		};
/* End PBXProject section */

/* Begin PBXResourcesBuildPhase section */
		044F476B236588E100F4D8E0 /* Resources */ = {
			isa = PBXResourcesBuildPhase;
			buildActionMask = 2147483647;
			files = (
				044F477D236588E700F4D8E0 /* LaunchScreen.storyboard in Resources */,
				044F477A236588E700F4D8E0 /* Preview Assets.xcassets in Resources */,
				044F4777236588E700F4D8E0 /* Assets.xcassets in Resources */,
			);
			runOnlyForDeploymentPostprocessing = 0;
		};
		044F4781236588E700F4D8E0 /* Resources */ = {
			isa = PBXResourcesBuildPhase;
			buildActionMask = 2147483647;
			files = (
			);
			runOnlyForDeploymentPostprocessing = 0;
		};
		044F478C236588E700F4D8E0 /* Resources */ = {
			isa = PBXResourcesBuildPhase;
			buildActionMask = 2147483647;
			files = (
			);
			runOnlyForDeploymentPostprocessing = 0;
		};
/* End PBXResourcesBuildPhase section */

/* Begin PBXSourcesBuildPhase section */
		044F4769236588E100F4D8E0 /* Sources */ = {
			isa = PBXSourcesBuildPhase;
			buildActionMask = 2147483647;
			files = (
				044F4771236588E100F4D8E0 /* AppDelegate.swift in Sources */,
				043DA62A236C618D00B6840A /* UpdateStore.swift in Sources */,
				0498DF16236863D600B16476 /* UpdateList.swift in Sources */,
				0498DF1023670C3D00B16476 /* HomeList.swift in Sources */,
				0498DF1823686C9400B16476 /* UpdateDetail.swift in Sources */,
				044F4773236588E100F4D8E0 /* SceneDelegate.swift in Sources */,
				0498DF0E2365C49000B16476 /* Home.swift in Sources */,
				044F4775236588E100F4D8E0 /* ContentView.swift in Sources */,
				0498DF122368589F00B16476 /* BlurView.swift in Sources */,
				04278C7F236D3FEC00DC4958 /* Settings.swift in Sources */,
				04278C81236D4B4600DC4958 /* CertificateRow.swift in Sources */,
				04278C7D236D20B200DC4958 /* TabBar.swift in Sources */,
			);
			runOnlyForDeploymentPostprocessing = 0;
		};
		044F477F236588E700F4D8E0 /* Sources */ = {
			isa = PBXSourcesBuildPhase;
			buildActionMask = 2147483647;
			files = (
				044F4788236588E700F4D8E0 /* DesignCodeTests.swift in Sources */,
			);
			runOnlyForDeploymentPostprocessing = 0;
		};
		044F478A236588E700F4D8E0 /* Sources */ = {
			isa = PBXSourcesBuildPhase;
			buildActionMask = 2147483647;
			files = (
				044F4793236588E700F4D8E0 /* DesignCodeUITests.swift in Sources */,
			);
			runOnlyForDeploymentPostprocessing = 0;
		};
/* End PBXSourcesBuildPhase section */

/* Begin PBXTargetDependency section */
		044F4785236588E700F4D8E0 /* PBXTargetDependency */ = {
			isa = PBXTargetDependency;
			target = 044F476C236588E100F4D8E0 /* DesignCode */;
			targetProxy = 044F4784236588E700F4D8E0 /* PBXContainerItemProxy */;
		};
		044F4790236588E700F4D8E0 /* PBXTargetDependency */ = {
			isa = PBXTargetDependency;
			target = 044F476C236588E100F4D8E0 /* DesignCode */;
			targetProxy = 044F478F236588E700F4D8E0 /* PBXContainerItemProxy */;
		};
/* End PBXTargetDependency section */

/* Begin PBXVariantGroup section */
		044F477B236588E700F4D8E0 /* LaunchScreen.storyboard */ = {
			isa = PBXVariantGroup;
			children = (
				044F477C236588E700F4D8E0 /* Base */,
			);
			name = LaunchScreen.storyboard;
			sourceTree = "<group>";
		};
/* End PBXVariantGroup section */

/* Begin XCBuildConfiguration section */
		044F4795236588E700F4D8E0 /* Debug */ = {
			isa = XCBuildConfiguration;
			buildSettings = {
				ALWAYS_SEARCH_USER_PATHS = NO;
				CLANG_ANALYZER_NONNULL = YES;
				CLANG_ANALYZER_NUMBER_OBJECT_CONVERSION = YES_AGGRESSIVE;
				CLANG_CXX_LANGUAGE_STANDARD = "gnu++14";
				CLANG_CXX_LIBRARY = "libc++";
				CLANG_ENABLE_MODULES = YES;
				CLANG_ENABLE_OBJC_ARC = YES;
				CLANG_ENABLE_OBJC_WEAK = YES;
				CLANG_WARN_BLOCK_CAPTURE_AUTORELEASING = YES;
				CLANG_WARN_BOOL_CONVERSION = YES;
				CLANG_WARN_COMMA = YES;
				CLANG_WARN_CONSTANT_CONVERSION = YES;
				CLANG_WARN_DEPRECATED_OBJC_IMPLEMENTATIONS = YES;
				CLANG_WARN_DIRECT_OBJC_ISA_USAGE = YES_ERROR;
				CLANG_WARN_DOCUMENTATION_COMMENTS = YES;
				CLANG_WARN_EMPTY_BODY = YES;
				CLANG_WARN_ENUM_CONVERSION = YES;
				CLANG_WARN_INFINITE_RECURSION = YES;
				CLANG_WARN_INT_CONVERSION = YES;
				CLANG_WARN_NON_LITERAL_NULL_CONVERSION = YES;
				CLANG_WARN_OBJC_IMPLICIT_RETAIN_SELF = YES;
				CLANG_WARN_OBJC_LITERAL_CONVERSION = YES;
				CLANG_WARN_OBJC_ROOT_CLASS = YES_ERROR;
				CLANG_WARN_RANGE_LOOP_ANALYSIS = YES;
				CLANG_WARN_STRICT_PROTOTYPES = YES;
				CLANG_WARN_SUSPICIOUS_MOVE = YES;
				CLANG_WARN_UNGUARDED_AVAILABILITY = YES_AGGRESSIVE;
				CLANG_WARN_UNREACHABLE_CODE = YES;
				CLANG_WARN__DUPLICATE_METHOD_MATCH = YES;
				COPY_PHASE_STRIP = NO;
				DEBUG_INFORMATION_FORMAT = dwarf;
				ENABLE_STRICT_OBJC_MSGSEND = YES;
				ENABLE_TESTABILITY = YES;
				GCC_C_LANGUAGE_STANDARD = gnu11;
				GCC_DYNAMIC_NO_PIC = NO;
				GCC_NO_COMMON_BLOCKS = YES;
				GCC_OPTIMIZATION_LEVEL = 0;
				GCC_PREPROCESSOR_DEFINITIONS = (
					"DEBUG=1",
					"$(inherited)",
				);
				GCC_WARN_64_TO_32_BIT_CONVERSION = YES;
				GCC_WARN_ABOUT_RETURN_TYPE = YES_ERROR;
				GCC_WARN_UNDECLARED_SELECTOR = YES;
				GCC_WARN_UNINITIALIZED_AUTOS = YES_AGGRESSIVE;
				GCC_WARN_UNUSED_FUNCTION = YES;
				GCC_WARN_UNUSED_VARIABLE = YES;
				IPHONEOS_DEPLOYMENT_TARGET = 13.0;
				MTL_ENABLE_DEBUG_INFO = INCLUDE_SOURCE;
				MTL_FAST_MATH = YES;
				ONLY_ACTIVE_ARCH = YES;
				SDKROOT = iphoneos;
				SWIFT_ACTIVE_COMPILATION_CONDITIONS = DEBUG;
				SWIFT_OPTIMIZATION_LEVEL = "-Onone";
			};
			name = Debug;
		};
		044F4796236588E700F4D8E0 /* Release */ = {
			isa = XCBuildConfiguration;
			buildSettings = {
				ALWAYS_SEARCH_USER_PATHS = NO;
				CLANG_ANALYZER_NONNULL = YES;
				CLANG_ANALYZER_NUMBER_OBJECT_CONVERSION = YES_AGGRESSIVE;
				CLANG_CXX_LANGUAGE_STANDARD = "gnu++14";
				CLANG_CXX_LIBRARY = "libc++";
				CLANG_ENABLE_MODULES = YES;
				CLANG_ENABLE_OBJC_ARC = YES;
				CLANG_ENABLE_OBJC_WEAK = YES;
				CLANG_WARN_BLOCK_CAPTURE_AUTORELEASING = YES;
				CLANG_WARN_BOOL_CONVERSION = YES;
				CLANG_WARN_COMMA = YES;
				CLANG_WARN_CONSTANT_CONVERSION = YES;
				CLANG_WARN_DEPRECATED_OBJC_IMPLEMENTATIONS = YES;
				CLANG_WARN_DIRECT_OBJC_ISA_USAGE = YES_ERROR;
				CLANG_WARN_DOCUMENTATION_COMMENTS = YES;
				CLANG_WARN_EMPTY_BODY = YES;
				CLANG_WARN_ENUM_CONVERSION = YES;
				CLANG_WARN_INFINITE_RECURSION = YES;
				CLANG_WARN_INT_CONVERSION = YES;
				CLANG_WARN_NON_LITERAL_NULL_CONVERSION = YES;
				CLANG_WARN_OBJC_IMPLICIT_RETAIN_SELF = YES;
				CLANG_WARN_OBJC_LITERAL_CONVERSION = YES;
				CLANG_WARN_OBJC_ROOT_CLASS = YES_ERROR;
				CLANG_WARN_RANGE_LOOP_ANALYSIS = YES;
				CLANG_WARN_STRICT_PROTOTYPES = YES;
				CLANG_WARN_SUSPICIOUS_MOVE = YES;
				CLANG_WARN_UNGUARDED_AVAILABILITY = YES_AGGRESSIVE;
				CLANG_WARN_UNREACHABLE_CODE = YES;
				CLANG_WARN__DUPLICATE_METHOD_MATCH = YES;
				COPY_PHASE_STRIP = NO;
				DEBUG_INFORMATION_FORMAT = "dwarf-with-dsym";
				ENABLE_NS_ASSERTIONS = NO;
				ENABLE_STRICT_OBJC_MSGSEND = YES;
				GCC_C_LANGUAGE_STANDARD = gnu11;
				GCC_NO_COMMON_BLOCKS = YES;
				GCC_WARN_64_TO_32_BIT_CONVERSION = YES;
				GCC_WARN_ABOUT_RETURN_TYPE = YES_ERROR;
				GCC_WARN_UNDECLARED_SELECTOR = YES;
				GCC_WARN_UNINITIALIZED_AUTOS = YES_AGGRESSIVE;
				GCC_WARN_UNUSED_FUNCTION = YES;
				GCC_WARN_UNUSED_VARIABLE = YES;
				IPHONEOS_DEPLOYMENT_TARGET = 13.0;
				MTL_ENABLE_DEBUG_INFO = NO;
				MTL_FAST_MATH = YES;
				SDKROOT = iphoneos;
				SWIFT_COMPILATION_MODE = wholemodule;
				SWIFT_OPTIMIZATION_LEVEL = "-O";
				VALIDATE_PRODUCT = YES;
			};
			name = Release;
		};
		044F4798236588E700F4D8E0 /* Debug */ = {
			isa = XCBuildConfiguration;
			buildSettings = {
				ASSETCATALOG_COMPILER_APPICON_NAME = AppIcon;
				CODE_SIGN_STYLE = Automatic;
				DEVELOPMENT_ASSET_PATHS = "\"DesignCode/Preview Content\"";
				DEVELOPMENT_TEAM = 8PE22K5R77;
				ENABLE_PREVIEWS = YES;
				INFOPLIST_FILE = DesignCode/Info.plist;
				LD_RUNPATH_SEARCH_PATHS = (
					"$(inherited)",
					"@executable_path/Frameworks",
				);
				PRODUCT_BUNDLE_IDENTIFIER = com.albatrofe.designcode.DesignCode;
				PRODUCT_NAME = "$(TARGET_NAME)";
				SWIFT_VERSION = 5.0;
				TARGETED_DEVICE_FAMILY = "1,2";
			};
			name = Debug;
		};
		044F4799236588E700F4D8E0 /* Release */ = {
			isa = XCBuildConfiguration;
			buildSettings = {
				ASSETCATALOG_COMPILER_APPICON_NAME = AppIcon;
				CODE_SIGN_STYLE = Automatic;
				DEVELOPMENT_ASSET_PATHS = "\"DesignCode/Preview Content\"";
				DEVELOPMENT_TEAM = 8PE22K5R77;
				ENABLE_PREVIEWS = YES;
				INFOPLIST_FILE = DesignCode/Info.plist;
				LD_RUNPATH_SEARCH_PATHS = (
					"$(inherited)",
					"@executable_path/Frameworks",
				);
				PRODUCT_BUNDLE_IDENTIFIER = com.albatrofe.designcode.DesignCode;
				PRODUCT_NAME = "$(TARGET_NAME)";
				SWIFT_VERSION = 5.0;
				TARGETED_DEVICE_FAMILY = "1,2";
			};
			name = Release;
		};
		044F479B236588E700F4D8E0 /* Debug */ = {
			isa = XCBuildConfiguration;
			buildSettings = {
				ALWAYS_EMBED_SWIFT_STANDARD_LIBRARIES = YES;
				BUNDLE_LOADER = "$(TEST_HOST)";
				CODE_SIGN_STYLE = Automatic;
				INFOPLIST_FILE = DesignCodeTests/Info.plist;
				IPHONEOS_DEPLOYMENT_TARGET = 13.0;
				LD_RUNPATH_SEARCH_PATHS = (
					"$(inherited)",
					"@executable_path/Frameworks",
					"@loader_path/Frameworks",
				);
				PRODUCT_BUNDLE_IDENTIFIER = com.albatrofe.designcode.DesignCodeTests;
				PRODUCT_NAME = "$(TARGET_NAME)";
				SWIFT_VERSION = 5.0;
				TARGETED_DEVICE_FAMILY = "1,2";
				TEST_HOST = "$(BUILT_PRODUCTS_DIR)/DesignCode.app/DesignCode";
			};
			name = Debug;
		};
		044F479C236588E700F4D8E0 /* Release */ = {
			isa = XCBuildConfiguration;
			buildSettings = {
				ALWAYS_EMBED_SWIFT_STANDARD_LIBRARIES = YES;
				BUNDLE_LOADER = "$(TEST_HOST)";
				CODE_SIGN_STYLE = Automatic;
				INFOPLIST_FILE = DesignCodeTests/Info.plist;
				IPHONEOS_DEPLOYMENT_TARGET = 13.0;
				LD_RUNPATH_SEARCH_PATHS = (
					"$(inherited)",
					"@executable_path/Frameworks",
					"@loader_path/Frameworks",
				);
				PRODUCT_BUNDLE_IDENTIFIER = com.albatrofe.designcode.DesignCodeTests;
				PRODUCT_NAME = "$(TARGET_NAME)";
				SWIFT_VERSION = 5.0;
				TARGETED_DEVICE_FAMILY = "1,2";
				TEST_HOST = "$(BUILT_PRODUCTS_DIR)/DesignCode.app/DesignCode";
			};
			name = Release;
		};
		044F479E236588E700F4D8E0 /* Debug */ = {
			isa = XCBuildConfiguration;
			buildSettings = {
				ALWAYS_EMBED_SWIFT_STANDARD_LIBRARIES = YES;
				CODE_SIGN_STYLE = Automatic;
				INFOPLIST_FILE = DesignCodeUITests/Info.plist;
				LD_RUNPATH_SEARCH_PATHS = (
					"$(inherited)",
					"@executable_path/Frameworks",
					"@loader_path/Frameworks",
				);
				PRODUCT_BUNDLE_IDENTIFIER = com.albatrofe.designcode.DesignCodeUITests;
				PRODUCT_NAME = "$(TARGET_NAME)";
				SWIFT_VERSION = 5.0;
				TARGETED_DEVICE_FAMILY = "1,2";
				TEST_TARGET_NAME = DesignCode;
			};
			name = Debug;
		};
		044F479F236588E700F4D8E0 /* Release */ = {
			isa = XCBuildConfiguration;
			buildSettings = {
				ALWAYS_EMBED_SWIFT_STANDARD_LIBRARIES = YES;
				CODE_SIGN_STYLE = Automatic;
				INFOPLIST_FILE = DesignCodeUITests/Info.plist;
				LD_RUNPATH_SEARCH_PATHS = (
					"$(inherited)",
					"@executable_path/Frameworks",
					"@loader_path/Frameworks",
				);
				PRODUCT_BUNDLE_IDENTIFIER = com.albatrofe.designcode.DesignCodeUITests;
				PRODUCT_NAME = "$(TARGET_NAME)";
				SWIFT_VERSION = 5.0;
				TARGETED_DEVICE_FAMILY = "1,2";
				TEST_TARGET_NAME = DesignCode;
			};
			name = Release;
		};
/* End XCBuildConfiguration section */

/* Begin XCConfigurationList section */
		044F4768236588E100F4D8E0 /* Build configuration list for PBXProject "DesignCode" */ = {
			isa = XCConfigurationList;
			buildConfigurations = (
				044F4795236588E700F4D8E0 /* Debug */,
				044F4796236588E700F4D8E0 /* Release */,
			);
			defaultConfigurationIsVisible = 0;
			defaultConfigurationName = Release;
		};
		044F4797236588E700F4D8E0 /* Build configuration list for PBXNativeTarget "DesignCode" */ = {
			isa = XCConfigurationList;
			buildConfigurations = (
				044F4798236588E700F4D8E0 /* Debug */,
				044F4799236588E700F4D8E0 /* Release */,
			);
			defaultConfigurationIsVisible = 0;
			defaultConfigurationName = Release;
		};
		044F479A236588E700F4D8E0 /* Build configuration list for PBXNativeTarget "DesignCodeTests" */ = {
			isa = XCConfigurationList;
			buildConfigurations = (
				044F479B236588E700F4D8E0 /* Debug */,
				044F479C236588E700F4D8E0 /* Release */,
			);
			defaultConfigurationIsVisible = 0;
			defaultConfigurationName = Release;
		};
		044F479D236588E700F4D8E0 /* Build configuration list for PBXNativeTarget "DesignCodeUITests" */ = {
			isa = XCConfigurationList;
			buildConfigurations = (
				044F479E236588E700F4D8E0 /* Debug */,
				044F479F236588E700F4D8E0 /* Release */,
			);
			defaultConfigurationIsVisible = 0;
			defaultConfigurationName = Release;
		};
/* End XCConfigurationList section */
	};
	rootObject = 044F4765236588E100F4D8E0 /* Project object */;
}
